
Microsoft Visual Studio Solution File, Format Version 12.00
# Visual Studio Version 17
VisualStudioVersion = 17.11.35222.181
MinimumVisualStudioVersion = 10.0.40219.1
Project("{9A19103F-16F7-4668-BE54-9A1E7A4F7556}") = "llmaid", "llmaid\llmaid.csproj", "{D2B69FB3-99A1-4CC9-91F8-E01A693D3C01}"
EndProject
Project("{9A19103F-16F7-4668-BE54-9A1E7A4F7556}") = "Tests", "Tests\Tests.csproj", "{877EE020-CF06-4CC1-8703-F6C740C6A226}"
EndProject
Project("{2150E333-8FDC-42A3-9474-1A3956D46DE8}") = "prompts", "prompts", "{5F35E094-9928-4CFB-AD10-3FCBE3AAD90C}"
	ProjectSection(SolutionItems) = preProject
		prompts\code documenter.txt = prompts\code documenter.txt
		prompts\unprofessional content filter.txt = prompts\unprofessional content filter.txt
		prompts\nda checker.txt = prompts\nda checker.txt
		prompts\wiki proofreader.txt = prompts\wiki proofreader.txt
	EndProjectSection
EndProject
Project("{2150E333-8FDC-42A3-9474-1A3956D46DE8}") = "testfiles", "testfiles", "{F2CE75BE-33F5-40DC-968F-99091455BCF0}"
	ProjectSection(SolutionItems) = preProject
		testfiles\cache.php = testfiles\cache.php
		testfiles\Concurrency.swift = testfiles\Concurrency.swift
		testfiles\contract.sol = testfiles\contract.sol
		testfiles\FileReader.cs = testfiles\FileReader.cs
		testfiles\frmMain.vb = testfiles\frmMain.vb
		testfiles\JumpWidget.cpp = testfiles\JumpWidget.cpp
		testfiles\register.go = testfiles\register.go
		testfiles\reverse.js = testfiles\reverse.js
		testfiles\router.rb = testfiles\router.rb
		testfiles\SystemInfo.cs = testfiles\SystemInfo.cs
		testfiles\user.ts = testfiles\user.ts
		testfiles\usermanager.py = testfiles\usermanager.py
		testfiles\_file issues.txt = testfiles\_file issues.txt
	EndProjectSection
EndProject
Global
	GlobalSection(SolutionConfigurationPlatforms) = preSolution
		Debug|Any CPU = Debug|Any CPU
		Release|Any CPU = Release|Any CPU
	EndGlobalSection
	GlobalSection(ProjectConfigurationPlatforms) = postSolution
		{D2B69FB3-99A1-4CC9-91F8-E01A693D3C01}.Debug|Any CPU.ActiveCfg = Debug|Any CPU
		{D2B69FB3-99A1-4CC9-91F8-E01A693D3C01}.Debug|Any CPU.Build.0 = Debug|Any CPU
		{D2B69FB3-99A1-4CC9-91F8-E01A693D3C01}.Release|Any CPU.ActiveCfg = Release|Any CPU
		{D2B69FB3-99A1-4CC9-91F8-E01A693D3C01}.Release|Any CPU.Build.0 = Release|Any CPU
		{877EE020-CF06-4CC1-8703-F6C740C6A226}.Debug|Any CPU.ActiveCfg = Debug|Any CPU
		{877EE020-CF06-4CC1-8703-F6C740C6A226}.Debug|Any CPU.Build.0 = Debug|Any CPU
		{877EE020-CF06-4CC1-8703-F6C740C6A226}.Release|Any CPU.ActiveCfg = Release|Any CPU
		{877EE020-CF06-4CC1-8703-F6C740C6A226}.Release|Any CPU.Build.0 = Release|Any CPU
	EndGlobalSection
	GlobalSection(SolutionProperties) = preSolution
		HideSolutionNode = FALSE
	EndGlobalSection
	GlobalSection(ExtensibilityGlobals) = postSolution
		SolutionGuid = {20F727A5-80C1-42F1-B633-18919A24EDFC}
	EndGlobalSection
EndGlobal
